<?xml version="1.0" encoding="utf-8"?>
<Project ToolsVersion="4.0" xmlns="http://schemas.microsoft.com/developer/msbuild/2003">
  <ItemGroup>
    <ClCompile Include="ocl_silentarmy.cpp" />
    <ClCompile Include="remote\blake.cpp">
      <Filter>remote</Filter>
    </ClCompile>
    <ClCompile Include="remote\windows\logging.cpp">
      <Filter>remote</Filter>
    </ClCompile>
    <ClCompile Include="remote\sha256.cpp">
      <Filter>remote</Filter>
    </ClCompile>
    <ClCompile Include="remote\solver.cpp">
      <Filter>remote</Filter>
    </ClCompile>
  </ItemGroup>
  <ItemGroup>
    <ClInclude Include="ocl_silentarmy.hpp" />
    <ClInclude Include="remote\windows\gettimeofday.h">
      <Filter>remote</Filter>
    </ClInclude>
    <ClInclude Include="remote\sha256.h">
      <Filter>remote</Filter>
    </ClInclude>
    <ClInclude Include="remote\blake.hpp">
      <Filter>remote</Filter>
    </ClInclude>
    <ClInclude Include="remote\windows\memrchr.h">
      <Filter>remote</Filter>
    </ClInclude>
    <ClInclude Include="remote\windows\logging.h">
      <Filter>remote</Filter>
    </ClInclude>
    <ClInclude Include="remote\windows\crossplatform.h">
      <Filter>remote</Filter>
    </ClInclude>
    <ClInclude Include="remote\clErrors.h">
      <Filter>remote</Filter>
    </ClInclude>
    <ClInclude Include="remote\param.h">
      <Filter>remote</Filter>
    </ClInclude>
    <ClInclude Include="remote\solver.h">
      <Filter>remote</Filter>
    </ClInclude>
  </ItemGroup>
  <ItemGroup>
    <Filter Include="zcash">
      <UniqueIdentifier>{34381c66-ca5c-4daa-aa30-58dcf33e2d66}</UniqueIdentifier>
    </Filter>
    <Filter Include="zcash\gpu">
      <UniqueIdentifier>{c7687099-e206-4d36-8836-f7032bffc7da}</UniqueIdentifier>
    </Filter>
    <Filter Include="remote">
      <UniqueIdentifier>{d2e89690-cc99-4701-92e4-5c2d82dde617}</UniqueIdentifier>
    </Filter>
  </ItemGroup>
  <ItemGroup>
    <None Include="zcash\gpu\input.cl">
      <Filter>zcash\gpu</Filter>
    </None>
    <None Include="zcash\gpu\kernel.cl">
      <Filter>zcash\gpu</Filter>
    </None>
    <None Include="remote\input.cl">
      <Filter>remote</Filter>
    </None>
  </ItemGroup>
</Project>